
Microsoft Visual Studio Solution File, Format Version 12.00
# Visual Studio Version 17
VisualStudioVersion = 17.0.32014.148
MinimumVisualStudioVersion = 10.0.40219.1
Project("{FAE04EC0-301F-11D3-BF4B-00C04F79EFBC}") = "WorkflowApprovalSystem", "WorkflowApprovalSystem\WorkflowApprovalSystem.csproj", "{56ABD0F6-A9CF-42DE-A614-A4361123F56A}"
EndProject
Global
	GlobalSection(SolutionConfigurationPlatforms) = preSolution
		Debug|Any CPU = Debug|Any CPU
		Release|Any CPU = Release|Any CPU
	EndGlobalSection
	GlobalSection(ProjectConfigurationPlatforms) = postSolution
		{56ABD0F6-A9CF-42DE-A614-A4361123F56A}.Debug|Any CPU.ActiveCfg = Debug|Any CPU
		{56ABD0F6-A9CF-42DE-A614-A4361123F56A}.Debug|Any CPU.Build.0 = Debug|Any CPU
		{56ABD0F6-A9CF-42DE-A614-A4361123F56A}.Release|Any CPU.ActiveCfg = Release|Any CPU
		{56ABD0F6-A9CF-42DE-A614-A4361123F56A}.Release|Any CPU.Build.0 = Release|Any CPU
	EndGlobalSection
	GlobalSection(SolutionProperties) = preSolution
		HideSolutionNode = FALSE
	EndGlobalSection
	GlobalSection(ExtensibilityGlobals) = postSolution
		SolutionGuid = {9C341FD3-4AC2-44B5-8B5E-0079465AA8E9}
	EndGlobalSection
EndGlobal
